
Microsoft Visual Studio Solution File, Format Version 12.00
# Visual Studio Version 17
VisualStudioVersion = 17.5.33516.290
MinimumVisualStudioVersion = 10.0.40219.1
Project("{2150E333-8FDC-42A3-9474-1A3956D46DE8}") = "Core", "Core", "{199BC80E-A289-4255-BE87-133E7CF548F8}"
EndProject
Project("{2150E333-8FDC-42A3-9474-1A3956D46DE8}") = "Infractructure", "Infractructure", "{64AB2A4B-C89C-41FE-A499-8D7FA93FED91}"
EndProject
Project("{2150E333-8FDC-42A3-9474-1A3956D46DE8}") = "Presentation", "Presentation", "{73522D8F-B316-4782-AAA0-638C8BF220DD}"
EndProject
Project("{9A19103F-16F7-4668-BE54-9A1E7A4F7556}") = "BlockchainApp.Application", "BlockchainApp.Application\BlockchainApp.Application.csproj", "{6A45A547-843D-4D52-83ED-998EDB736829}"
EndProject
Project("{9A19103F-16F7-4668-BE54-9A1E7A4F7556}") = "BlockchainApp.Domain", "BlockchainApp.Domain\BlockchainApp.Domain.csproj", "{21C88D63-C9E2-471E-B00F-8BC58F901E29}"
EndProject
Project("{9A19103F-16F7-4668-BE54-9A1E7A4F7556}") = "BlockchainApp.Backend", "BlockchainApp.Backend\BlockchainApp.Backend.csproj", "{E88C166D-4744-45F8-BF0E-C95DB4FD7F35}"
EndProject
Project("{2150E333-8FDC-42A3-9474-1A3956D46DE8}") = "Web", "Web", "{8B60D0B0-69BE-411A-A93F-EBC394530356}"
EndProject
Project("{9A19103F-16F7-4668-BE54-9A1E7A4F7556}") = "BlazorAppEmpty.Web", "BlazorAppEmpty.Web\BlazorAppEmpty.Web.csproj", "{C8ECC748-C93D-4167-A356-C10D1622FF07}"
EndProject
Project("{2150E333-8FDC-42A3-9474-1A3956D46DE8}") = "Shared", "Shared", "{B89B63FB-0479-4B1C-ACB0-B47B84D31AD1}"
EndProject
Project("{9A19103F-16F7-4668-BE54-9A1E7A4F7556}") = "BlockchainApp.Protos", "BlockchainApp.Protos\BlockchainApp.Protos.csproj", "{4E227138-0E3C-4DAD-91D6-F6F179E145DE}"
EndProject
Global
	GlobalSection(SolutionConfigurationPlatforms) = preSolution
		Debug|Any CPU = Debug|Any CPU
		Release|Any CPU = Release|Any CPU
	EndGlobalSection
	GlobalSection(ProjectConfigurationPlatforms) = postSolution
		{6A45A547-843D-4D52-83ED-998EDB736829}.Debug|Any CPU.ActiveCfg = Debug|Any CPU
		{6A45A547-843D-4D52-83ED-998EDB736829}.Debug|Any CPU.Build.0 = Debug|Any CPU
		{6A45A547-843D-4D52-83ED-998EDB736829}.Release|Any CPU.ActiveCfg = Release|Any CPU
		{6A45A547-843D-4D52-83ED-998EDB736829}.Release|Any CPU.Build.0 = Release|Any CPU
		{21C88D63-C9E2-471E-B00F-8BC58F901E29}.Debug|Any CPU.ActiveCfg = Debug|Any CPU
		{21C88D63-C9E2-471E-B00F-8BC58F901E29}.Debug|Any CPU.Build.0 = Debug|Any CPU
		{21C88D63-C9E2-471E-B00F-8BC58F901E29}.Release|Any CPU.ActiveCfg = Release|Any CPU
		{21C88D63-C9E2-471E-B00F-8BC58F901E29}.Release|Any CPU.Build.0 = Release|Any CPU
		{E88C166D-4744-45F8-BF0E-C95DB4FD7F35}.Debug|Any CPU.ActiveCfg = Debug|Any CPU
		{E88C166D-4744-45F8-BF0E-C95DB4FD7F35}.Debug|Any CPU.Build.0 = Debug|Any CPU
		{E88C166D-4744-45F8-BF0E-C95DB4FD7F35}.Release|Any CPU.ActiveCfg = Release|Any CPU
		{E88C166D-4744-45F8-BF0E-C95DB4FD7F35}.Release|Any CPU.Build.0 = Release|Any CPU
		{C8ECC748-C93D-4167-A356-C10D1622FF07}.Debug|Any CPU.ActiveCfg = Debug|Any CPU
		{C8ECC748-C93D-4167-A356-C10D1622FF07}.Debug|Any CPU.Build.0 = Debug|Any CPU
		{C8ECC748-C93D-4167-A356-C10D1622FF07}.Release|Any CPU.ActiveCfg = Release|Any CPU
		{C8ECC748-C93D-4167-A356-C10D1622FF07}.Release|Any CPU.Build.0 = Release|Any CPU
		{4E227138-0E3C-4DAD-91D6-F6F179E145DE}.Debug|Any CPU.ActiveCfg = Debug|Any CPU
		{4E227138-0E3C-4DAD-91D6-F6F179E145DE}.Debug|Any CPU.Build.0 = Debug|Any CPU
		{4E227138-0E3C-4DAD-91D6-F6F179E145DE}.Release|Any CPU.ActiveCfg = Release|Any CPU
		{4E227138-0E3C-4DAD-91D6-F6F179E145DE}.Release|Any CPU.Build.0 = Release|Any CPU
	EndGlobalSection
	GlobalSection(SolutionProperties) = preSolution
		HideSolutionNode = FALSE
	EndGlobalSection
	GlobalSection(NestedProjects) = preSolution
		{6A45A547-843D-4D52-83ED-998EDB736829} = {199BC80E-A289-4255-BE87-133E7CF548F8}
		{21C88D63-C9E2-471E-B00F-8BC58F901E29} = {199BC80E-A289-4255-BE87-133E7CF548F8}
		{E88C166D-4744-45F8-BF0E-C95DB4FD7F35} = {199BC80E-A289-4255-BE87-133E7CF548F8}
		{8B60D0B0-69BE-411A-A93F-EBC394530356} = {73522D8F-B316-4782-AAA0-638C8BF220DD}
		{C8ECC748-C93D-4167-A356-C10D1622FF07} = {8B60D0B0-69BE-411A-A93F-EBC394530356}
		{4E227138-0E3C-4DAD-91D6-F6F179E145DE} = {B89B63FB-0479-4B1C-ACB0-B47B84D31AD1}
	EndGlobalSection
	GlobalSection(ExtensibilityGlobals) = postSolution
		SolutionGuid = {C3FAD810-76D4-46A8-B5F4-D5E805853F7A}
	EndGlobalSection
EndGlobal
