
Microsoft Visual Studio Solution File, Format Version 12.00
# Visual Studio Version 17
VisualStudioVersion = 17.5.33516.290
MinimumVisualStudioVersion = 10.0.40219.1
Project("{2150E333-8FDC-42A3-9474-1A3956D46DE8}") = "Core", "Core", "{199BC80E-A289-4255-BE87-133E7CF548F8}"
EndProject
Project("{2150E333-8FDC-42A3-9474-1A3956D46DE8}") = "Infractructure", "Infractructure", "{64AB2A4B-C89C-41FE-A499-8D7FA93FED91}"
EndProject
Project("{2150E333-8FDC-42A3-9474-1A3956D46DE8}") = "Presentation", "Presentation", "{73522D8F-B316-4782-AAA0-638C8BF220DD}"
EndProject
Project("{9A19103F-16F7-4668-BE54-9A1E7A4F7556}") = "BlockchainApp.Domain", "BlockchainApp.Domain\BlockchainApp.Domain.csproj", "{21C88D63-C9E2-471E-B00F-8BC58F901E29}"
EndProject
Project("{2150E333-8FDC-42A3-9474-1A3956D46DE8}") = "Web", "Web", "{8B60D0B0-69BE-411A-A93F-EBC394530356}"
EndProject
Project("{9A19103F-16F7-4668-BE54-9A1E7A4F7556}") = "BlockchainApp.Web.Server", "BlockchainApp.Web\Server\BlockchainApp.Web.Server.csproj", "{E91E1F94-C51A-43AD-937F-16EF8335856A}"
EndProject
Project("{9A19103F-16F7-4668-BE54-9A1E7A4F7556}") = "BlockchainApp.Web.Client", "BlockchainApp.Web\Client\BlockchainApp.Web.Client.csproj", "{7EDA1AF7-8AF8-44BA-9FA1-D3A03182F9BE}"
EndProject
Project("{9A19103F-16F7-4668-BE54-9A1E7A4F7556}") = "BlockchainApp.Web.Shared", "BlockchainApp.Web\Shared\BlockchainApp.Web.Shared.csproj", "{845CB246-CB80-4A12-9331-13C492D02BD4}"
EndProject
Global
	GlobalSection(SolutionConfigurationPlatforms) = preSolution
		Debug|Any CPU = Debug|Any CPU
		Release|Any CPU = Release|Any CPU
	EndGlobalSection
	GlobalSection(ProjectConfigurationPlatforms) = postSolution
		{21C88D63-C9E2-471E-B00F-8BC58F901E29}.Debug|Any CPU.ActiveCfg = Debug|Any CPU
		{21C88D63-C9E2-471E-B00F-8BC58F901E29}.Debug|Any CPU.Build.0 = Debug|Any CPU
		{21C88D63-C9E2-471E-B00F-8BC58F901E29}.Release|Any CPU.ActiveCfg = Release|Any CPU
		{21C88D63-C9E2-471E-B00F-8BC58F901E29}.Release|Any CPU.Build.0 = Release|Any CPU
		{E91E1F94-C51A-43AD-937F-16EF8335856A}.Debug|Any CPU.ActiveCfg = Debug|Any CPU
		{E91E1F94-C51A-43AD-937F-16EF8335856A}.Debug|Any CPU.Build.0 = Debug|Any CPU
		{E91E1F94-C51A-43AD-937F-16EF8335856A}.Release|Any CPU.ActiveCfg = Release|Any CPU
		{E91E1F94-C51A-43AD-937F-16EF8335856A}.Release|Any CPU.Build.0 = Release|Any CPU
		{7EDA1AF7-8AF8-44BA-9FA1-D3A03182F9BE}.Debug|Any CPU.ActiveCfg = Debug|Any CPU
		{7EDA1AF7-8AF8-44BA-9FA1-D3A03182F9BE}.Debug|Any CPU.Build.0 = Debug|Any CPU
		{7EDA1AF7-8AF8-44BA-9FA1-D3A03182F9BE}.Release|Any CPU.ActiveCfg = Release|Any CPU
		{7EDA1AF7-8AF8-44BA-9FA1-D3A03182F9BE}.Release|Any CPU.Build.0 = Release|Any CPU
		{845CB246-CB80-4A12-9331-13C492D02BD4}.Debug|Any CPU.ActiveCfg = Debug|Any CPU
		{845CB246-CB80-4A12-9331-13C492D02BD4}.Debug|Any CPU.Build.0 = Debug|Any CPU
		{845CB246-CB80-4A12-9331-13C492D02BD4}.Release|Any CPU.ActiveCfg = Release|Any CPU
		{845CB246-CB80-4A12-9331-13C492D02BD4}.Release|Any CPU.Build.0 = Release|Any CPU
	EndGlobalSection
	GlobalSection(SolutionProperties) = preSolution
		HideSolutionNode = FALSE
	EndGlobalSection
	GlobalSection(NestedProjects) = preSolution
		{21C88D63-C9E2-471E-B00F-8BC58F901E29} = {199BC80E-A289-4255-BE87-133E7CF548F8}
		{8B60D0B0-69BE-411A-A93F-EBC394530356} = {73522D8F-B316-4782-AAA0-638C8BF220DD}
		{E91E1F94-C51A-43AD-937F-16EF8335856A} = {8B60D0B0-69BE-411A-A93F-EBC394530356}
		{7EDA1AF7-8AF8-44BA-9FA1-D3A03182F9BE} = {8B60D0B0-69BE-411A-A93F-EBC394530356}
		{845CB246-CB80-4A12-9331-13C492D02BD4} = {8B60D0B0-69BE-411A-A93F-EBC394530356}
	EndGlobalSection
	GlobalSection(ExtensibilityGlobals) = postSolution
		SolutionGuid = {C3FAD810-76D4-46A8-B5F4-D5E805853F7A}
	EndGlobalSection
EndGlobal
